
Microsoft Visual Studio Solution File, Format Version 12.00
# Visual Studio Version 16
VisualStudioVersion = 16.0.32002.261
MinimumVisualStudioVersion = 10.0.40219.1
Project("{FAE04EC0-301F-11D3-BF4B-00C04F79EFBC}") = "BakeryModule", "BakeryModule\BakeryModule.csproj", "{84B07EFB-0E84-40D4-A9E7-EC5D3CAC19B6}"
EndProject
Project("{FAE04EC0-301F-11D3-BF4B-00C04F79EFBC}") = "BakeryModue.Domain", "BakeryModue.Domain\BakeryModue.Domain.csproj", "{3E0318BF-7FF6-4538-B504-009EAE5837D6}"
EndProject
Project("{FAE04EC0-301F-11D3-BF4B-00C04F79EFBC}") = "BakeryModule.Service", "BakeryModule.Service\BakeryModule.Service.csproj", "{5F66933A-7403-4EA5-8975-F3F64FFB938F}"
EndProject
Global
	GlobalSection(SolutionConfigurationPlatforms) = preSolution
		Debug|Any CPU = Debug|Any CPU
		Release|Any CPU = Release|Any CPU
	EndGlobalSection
	GlobalSection(ProjectConfigurationPlatforms) = postSolution
		{84B07EFB-0E84-40D4-A9E7-EC5D3CAC19B6}.Debug|Any CPU.ActiveCfg = Debug|Any CPU
		{84B07EFB-0E84-40D4-A9E7-EC5D3CAC19B6}.Debug|Any CPU.Build.0 = Debug|Any CPU
		{84B07EFB-0E84-40D4-A9E7-EC5D3CAC19B6}.Release|Any CPU.ActiveCfg = Release|Any CPU
		{84B07EFB-0E84-40D4-A9E7-EC5D3CAC19B6}.Release|Any CPU.Build.0 = Release|Any CPU
		{3E0318BF-7FF6-4538-B504-009EAE5837D6}.Debug|Any CPU.ActiveCfg = Debug|Any CPU
		{3E0318BF-7FF6-4538-B504-009EAE5837D6}.Debug|Any CPU.Build.0 = Debug|Any CPU
		{3E0318BF-7FF6-4538-B504-009EAE5837D6}.Release|Any CPU.ActiveCfg = Release|Any CPU
		{3E0318BF-7FF6-4538-B504-009EAE5837D6}.Release|Any CPU.Build.0 = Release|Any CPU
		{5F66933A-7403-4EA5-8975-F3F64FFB938F}.Debug|Any CPU.ActiveCfg = Debug|Any CPU
		{5F66933A-7403-4EA5-8975-F3F64FFB938F}.Debug|Any CPU.Build.0 = Debug|Any CPU
		{5F66933A-7403-4EA5-8975-F3F64FFB938F}.Release|Any CPU.ActiveCfg = Release|Any CPU
		{5F66933A-7403-4EA5-8975-F3F64FFB938F}.Release|Any CPU.Build.0 = Release|Any CPU
	EndGlobalSection
	GlobalSection(SolutionProperties) = preSolution
		HideSolutionNode = FALSE
	EndGlobalSection
	GlobalSection(ExtensibilityGlobals) = postSolution
		SolutionGuid = {B3275EE8-C123-406B-85EC-AA5DEDB4506C}
	EndGlobalSection
EndGlobal
